
Microsoft Visual Studio Solution File, Format Version 12.00
# Visual Studio Version 17
VisualStudioVersion = 17.7.34221.43
MinimumVisualStudioVersion = 10.0.40219.1
Project("{FAE04EC0-301F-11D3-BF4B-00C04F79EFBC}") = "consoleProject", "consoleProject\consoleProject.csproj", "{B370C7C5-51B2-436D-91DE-DF8F609EFADD}"
EndProject
Project("{FAE04EC0-301F-11D3-BF4B-00C04F79EFBC}") = "patternsostoinia", "patternsostoinia\patternsostoinia.csproj", "{FA3BBC8F-0285-4FDE-94A1-C0381AD35001}"
EndProject
Project("{FAE04EC0-301F-11D3-BF4B-00C04F79EFBC}") = "comand", "comand\comand.csproj", "{0FC56AB9-BB37-4EF6-A003-9FB1FAD6B671}"
EndProject
Global
	GlobalSection(SolutionConfigurationPlatforms) = preSolution
		Debug|Any CPU = Debug|Any CPU
		Release|Any CPU = Release|Any CPU
	EndGlobalSection
	GlobalSection(ProjectConfigurationPlatforms) = postSolution
		{B370C7C5-51B2-436D-91DE-DF8F609EFADD}.Debug|Any CPU.ActiveCfg = Debug|Any CPU
		{B370C7C5-51B2-436D-91DE-DF8F609EFADD}.Debug|Any CPU.Build.0 = Debug|Any CPU
		{B370C7C5-51B2-436D-91DE-DF8F609EFADD}.Release|Any CPU.ActiveCfg = Release|Any CPU
		{B370C7C5-51B2-436D-91DE-DF8F609EFADD}.Release|Any CPU.Build.0 = Release|Any CPU
		{FA3BBC8F-0285-4FDE-94A1-C0381AD35001}.Debug|Any CPU.ActiveCfg = Debug|Any CPU
		{FA3BBC8F-0285-4FDE-94A1-C0381AD35001}.Debug|Any CPU.Build.0 = Debug|Any CPU
		{FA3BBC8F-0285-4FDE-94A1-C0381AD35001}.Release|Any CPU.ActiveCfg = Release|Any CPU
		{FA3BBC8F-0285-4FDE-94A1-C0381AD35001}.Release|Any CPU.Build.0 = Release|Any CPU
		{0FC56AB9-BB37-4EF6-A003-9FB1FAD6B671}.Debug|Any CPU.ActiveCfg = Debug|Any CPU
		{0FC56AB9-BB37-4EF6-A003-9FB1FAD6B671}.Debug|Any CPU.Build.0 = Debug|Any CPU
		{0FC56AB9-BB37-4EF6-A003-9FB1FAD6B671}.Release|Any CPU.ActiveCfg = Release|Any CPU
		{0FC56AB9-BB37-4EF6-A003-9FB1FAD6B671}.Release|Any CPU.Build.0 = Release|Any CPU
	EndGlobalSection
	GlobalSection(SolutionProperties) = preSolution
		HideSolutionNode = FALSE
	EndGlobalSection
	GlobalSection(ExtensibilityGlobals) = postSolution
		SolutionGuid = {4A30A6F5-5DDD-481D-B3AC-5F59083CA8B0}
	EndGlobalSection
EndGlobal
